// !$*UTF8*$!
{
	archiveVersion = 1;
	classes = {
	};
	objectVersion = 46;
	objects = {

/* Begin PBXBuildFile section */
		971EEF82EF50024C51AB3631 /* libPods-PGP Demo.a in Frameworks */ = {isa = PBXBuildFile; fileRef = C169ABB41FA1EEABD311BDDB /* libPods-PGP Demo.a */; };
		A70E12BC1B20FE5D0061D5D8 /* main.m in Sources */ = {isa = PBXBuildFile; fileRef = A70E12BB1B20FE5D0061D5D8 /* main.m */; };
		A70E12BF1B20FE5D0061D5D8 /* AppDelegate.m in Sources */ = {isa = PBXBuildFile; fileRef = A70E12BE1B20FE5D0061D5D8 /* AppDelegate.m */; };
		A70E12C21B20FE5D0061D5D8 /* ViewController.m in Sources */ = {isa = PBXBuildFile; fileRef = A70E12C11B20FE5D0061D5D8 /* ViewController.m */; };
		A70E12C51B20FE5D0061D5D8 /* Main.storyboard in Resources */ = {isa = PBXBuildFile; fileRef = A70E12C31B20FE5D0061D5D8 /* Main.storyboard */; };
		A70E12C71B20FE5D0061D5D8 /* Images.xcassets in Resources */ = {isa = PBXBuildFile; fileRef = A70E12C61B20FE5D0061D5D8 /* Images.xcassets */; };
		A70E12CA1B20FE5D0061D5D8 /* LaunchScreen.xib in Resources */ = {isa = PBXBuildFile; fileRef = A70E12C81B20FE5D0061D5D8 /* LaunchScreen.xib */; };
		A70E12D61B20FE5D0061D5D8 /* PGP_DemoTests.m in Sources */ = {isa = PBXBuildFile; fileRef = A70E12D51B20FE5D0061D5D8 /* PGP_DemoTests.m */; };
		A70E130D1B20FE880061D5D8 /* bufgap.c in Sources */ = {isa = PBXBuildFile; fileRef = A70E12E11B20FE880061D5D8 /* bufgap.c */; };
		A70E130E1B20FE880061D5D8 /* compress.c in Sources */ = {isa = PBXBuildFile; fileRef = A70E12E31B20FE880061D5D8 /* compress.c */; };
		A70E130F1B20FE880061D5D8 /* create.c in Sources */ = {isa = PBXBuildFile; fileRef = A70E12E51B20FE880061D5D8 /* create.c */; };
		A70E13101B20FE880061D5D8 /* crypto.c in Sources */ = {isa = PBXBuildFile; fileRef = A70E12E71B20FE880061D5D8 /* crypto.c */; };
		A70E13111B20FE880061D5D8 /* keyring.c in Sources */ = {isa = PBXBuildFile; fileRef = A70E12EB1B20FE880061D5D8 /* keyring.c */; };
		A70E13121B20FE880061D5D8 /* misc.c in Sources */ = {isa = PBXBuildFile; fileRef = A70E12EE1B20FE880061D5D8 /* misc.c */; };
		A70E13131B20FE880061D5D8 /* mj.c in Sources */ = {isa = PBXBuildFile; fileRef = A70E12EF1B20FE880061D5D8 /* mj.c */; };
		A70E13141B20FE880061D5D8 /* netpgp.c in Sources */ = {isa = PBXBuildFile; fileRef = A70E12F21B20FE880061D5D8 /* netpgp.c */; };
		A70E13151B20FE880061D5D8 /* openssl_crypto.c in Sources */ = {isa = PBXBuildFile; fileRef = A70E12F71B20FE880061D5D8 /* openssl_crypto.c */; };
		A70E13161B20FE880061D5D8 /* packet-parse.c in Sources */ = {isa = PBXBuildFile; fileRef = A70E12F81B20FE880061D5D8 /* packet-parse.c */; };
		A70E13171B20FE880061D5D8 /* packet-print.c in Sources */ = {isa = PBXBuildFile; fileRef = A70E12FA1B20FE880061D5D8 /* packet-print.c */; };
		A70E13181B20FE880061D5D8 /* packet-show.c in Sources */ = {isa = PBXBuildFile; fileRef = A70E12FB1B20FE880061D5D8 /* packet-show.c */; };
		A70E13191B20FE880061D5D8 /* reader.c in Sources */ = {isa = PBXBuildFile; fileRef = A70E12FE1B20FE880061D5D8 /* reader.c */; };
		A70E131A1B20FE880061D5D8 /* signature.c in Sources */ = {isa = PBXBuildFile; fileRef = A70E13001B20FE880061D5D8 /* signature.c */; };
		A70E131B1B20FE880061D5D8 /* ssh2pgp.c in Sources */ = {isa = PBXBuildFile; fileRef = A70E13021B20FE880061D5D8 /* ssh2pgp.c */; };
		A70E131C1B20FE880061D5D8 /* symmetric.c in Sources */ = {isa = PBXBuildFile; fileRef = A70E13041B20FE880061D5D8 /* symmetric.c */; };
		A70E131D1B20FE880061D5D8 /* validate.c in Sources */ = {isa = PBXBuildFile; fileRef = A70E13061B20FE880061D5D8 /* validate.c */; };
		A70E131E1B20FE880061D5D8 /* writer.c in Sources */ = {isa = PBXBuildFile; fileRef = A70E13091B20FE880061D5D8 /* writer.c */; };
		A74D005C1B2101E2005BA9D8 /* libz.dylib in Frameworks */ = {isa = PBXBuildFile; fileRef = A74D005B1B2101E2005BA9D8 /* libz.dylib */; };
		A74D005E1B210297005BA9D8 /* libbz2.dylib in Frameworks */ = {isa = PBXBuildFile; fileRef = A74D005D1B210297005BA9D8 /* libbz2.dylib */; };
		A75DF0601B2733FB003DD526 /* PGP.m in Sources */ = {isa = PBXBuildFile; fileRef = A75DF05F1B2733FB003DD526 /* PGP.m */; };
		A7B81C701B28DCEE0071044B /* bob.gpg in Resources */ = {isa = PBXBuildFile; fileRef = A7B81C6D1B28DCEE0071044B /* bob.gpg */; };
		A7B81C711B28DCEE0071044B /* steve.gpg in Resources */ = {isa = PBXBuildFile; fileRef = A7B81C6E1B28DCEE0071044B /* steve.gpg */; };
		A7B81C721B28DCEE0071044B /* suzy.gpg in Resources */ = {isa = PBXBuildFile; fileRef = A7B81C6F1B28DCEE0071044B /* suzy.gpg */; };
		A7B81C761B28DD960071044B /* bobsecret.gpg in Resources */ = {isa = PBXBuildFile; fileRef = A7B81C731B28DD960071044B /* bobsecret.gpg */; };
		A7B81C771B28DD960071044B /* stevesecret.gpg in Resources */ = {isa = PBXBuildFile; fileRef = A7B81C741B28DD960071044B /* stevesecret.gpg */; };
		A7B81C781B28DD960071044B /* suzysecret.gpg in Resources */ = {isa = PBXBuildFile; fileRef = A7B81C751B28DD960071044B /* suzysecret.gpg */; };
		A7E8C1EA1B278B1300EBAB49 /* fmemopen.c in Sources */ = {isa = PBXBuildFile; fileRef = A7E8C1E81B278B1300EBAB49 /* fmemopen.c */; };
		A7E8C1ED1B27D9F000EBAB49 /* doc in Resources */ = {isa = PBXBuildFile; fileRef = A7E8C1EC1B27D9F000EBAB49 /* doc */; };
		A7E8C1EF1B27DA0B00EBAB49 /* seckey.gpg in Resources */ = {isa = PBXBuildFile; fileRef = A7E8C1EE1B27DA0B00EBAB49 /* seckey.gpg */; };
		A7E8C1F21B27DA5D00EBAB49 /* pubkey.gpg in Resources */ = {isa = PBXBuildFile; fileRef = A7E8C1F11B27DA5D00EBAB49 /* pubkey.gpg */; };
/* End PBXBuildFile section */

/* Begin PBXContainerItemProxy section */
		A70E12D01B20FE5D0061D5D8 /* PBXContainerItemProxy */ = {
			isa = PBXContainerItemProxy;
			containerPortal = A70E12AE1B20FE5D0061D5D8 /* Project object */;
			proxyType = 1;
			remoteGlobalIDString = A70E12B51B20FE5D0061D5D8;
			remoteInfo = "PGP Demo";
		};
/* End PBXContainerItemProxy section */

/* Begin PBXFileReference section */
		A70E12B61B20FE5D0061D5D8 /* PGP Demo.app */ = {isa = PBXFileReference; explicitFileType = wrapper.application; includeInIndex = 0; path = "PGP Demo.app"; sourceTree = BUILT_PRODUCTS_DIR; };
		A70E12BA1B20FE5D0061D5D8 /* Info.plist */ = {isa = PBXFileReference; lastKnownFileType = text.plist.xml; path = Info.plist; sourceTree = "<group>"; };
		A70E12BB1B20FE5D0061D5D8 /* main.m */ = {isa = PBXFileReference; lastKnownFileType = sourcecode.c.objc; path = main.m; sourceTree = "<group>"; };
		A70E12BD1B20FE5D0061D5D8 /* AppDelegate.h */ = {isa = PBXFileReference; lastKnownFileType = sourcecode.c.h; path = AppDelegate.h; sourceTree = "<group>"; };
		A70E12BE1B20FE5D0061D5D8 /* AppDelegate.m */ = {isa = PBXFileReference; lastKnownFileType = sourcecode.c.objc; path = AppDelegate.m; sourceTree = "<group>"; };
		A70E12C01B20FE5D0061D5D8 /* ViewController.h */ = {isa = PBXFileReference; lastKnownFileType = sourcecode.c.h; path = ViewController.h; sourceTree = "<group>"; };
		A70E12C11B20FE5D0061D5D8 /* ViewController.m */ = {isa = PBXFileReference; lastKnownFileType = sourcecode.c.objc; path = ViewController.m; sourceTree = "<group>"; };
		A70E12C41B20FE5D0061D5D8 /* Base */ = {isa = PBXFileReference; lastKnownFileType = file.storyboard; name = Base; path = Base.lproj/Main.storyboard; sourceTree = "<group>"; };
		A70E12C61B20FE5D0061D5D8 /* Images.xcassets */ = {isa = PBXFileReference; lastKnownFileType = folder.assetcatalog; path = Images.xcassets; sourceTree = "<group>"; };
		A70E12C91B20FE5D0061D5D8 /* Base */ = {isa = PBXFileReference; lastKnownFileType = file.xib; name = Base; path = Base.lproj/LaunchScreen.xib; sourceTree = "<group>"; };
		A70E12CF1B20FE5D0061D5D8 /* PGP DemoTests.xctest */ = {isa = PBXFileReference; explicitFileType = wrapper.cfbundle; includeInIndex = 0; path = "PGP DemoTests.xctest"; sourceTree = BUILT_PRODUCTS_DIR; };
		A70E12D41B20FE5D0061D5D8 /* Info.plist */ = {isa = PBXFileReference; lastKnownFileType = text.plist.xml; path = Info.plist; sourceTree = "<group>"; };
		A70E12D51B20FE5D0061D5D8 /* PGP_DemoTests.m */ = {isa = PBXFileReference; lastKnownFileType = sourcecode.c.objc; path = PGP_DemoTests.m; sourceTree = "<group>"; };
		A70E12E11B20FE880061D5D8 /* bufgap.c */ = {isa = PBXFileReference; fileEncoding = 4; lastKnownFileType = sourcecode.c.c; path = bufgap.c; sourceTree = "<group>"; };
		A70E12E21B20FE880061D5D8 /* bufgap.h */ = {isa = PBXFileReference; fileEncoding = 4; lastKnownFileType = sourcecode.c.h; path = bufgap.h; sourceTree = "<group>"; };
		A70E12E31B20FE880061D5D8 /* compress.c */ = {isa = PBXFileReference; fileEncoding = 4; lastKnownFileType = sourcecode.c.c; path = compress.c; sourceTree = "<group>"; };
		A70E12E41B20FE880061D5D8 /* config.h */ = {isa = PBXFileReference; fileEncoding = 4; lastKnownFileType = sourcecode.c.h; path = config.h; sourceTree = "<group>"; };
		A70E12E51B20FE880061D5D8 /* create.c */ = {isa = PBXFileReference; fileEncoding = 4; lastKnownFileType = sourcecode.c.c; path = create.c; sourceTree = "<group>"; };
		A70E12E61B20FE880061D5D8 /* create.h */ = {isa = PBXFileReference; fileEncoding = 4; lastKnownFileType = sourcecode.c.h; path = create.h; sourceTree = "<group>"; };
		A70E12E71B20FE880061D5D8 /* crypto.c */ = {isa = PBXFileReference; fileEncoding = 4; lastKnownFileType = sourcecode.c.c; path = crypto.c; sourceTree = "<group>"; };
		A70E12E81B20FE880061D5D8 /* crypto.h */ = {isa = PBXFileReference; fileEncoding = 4; lastKnownFileType = sourcecode.c.h; path = crypto.h; sourceTree = "<group>"; };
		A70E12E91B20FE880061D5D8 /* defs.h */ = {isa = PBXFileReference; fileEncoding = 4; lastKnownFileType = sourcecode.c.h; path = defs.h; sourceTree = "<group>"; };
		A70E12EA1B20FE880061D5D8 /* errors.h */ = {isa = PBXFileReference; fileEncoding = 4; lastKnownFileType = sourcecode.c.h; path = errors.h; sourceTree = "<group>"; };
		A70E12EB1B20FE880061D5D8 /* keyring.c */ = {isa = PBXFileReference; fileEncoding = 4; lastKnownFileType = sourcecode.c.c; path = keyring.c; sourceTree = "<group>"; };
		A70E12EC1B20FE880061D5D8 /* keyring.h */ = {isa = PBXFileReference; fileEncoding = 4; lastKnownFileType = sourcecode.c.h; path = keyring.h; sourceTree = "<group>"; };
		A70E12ED1B20FE880061D5D8 /* memory.h */ = {isa = PBXFileReference; fileEncoding = 4; lastKnownFileType = sourcecode.c.h; path = memory.h; sourceTree = "<group>"; };
		A70E12EE1B20FE880061D5D8 /* misc.c */ = {isa = PBXFileReference; fileEncoding = 4; lastKnownFileType = sourcecode.c.c; path = misc.c; sourceTree = "<group>"; };
		A70E12EF1B20FE880061D5D8 /* mj.c */ = {isa = PBXFileReference; fileEncoding = 4; lastKnownFileType = sourcecode.c.c; path = mj.c; sourceTree = "<group>"; };
		A70E12F01B20FE880061D5D8 /* mj.h */ = {isa = PBXFileReference; fileEncoding = 4; lastKnownFileType = sourcecode.c.h; path = mj.h; sourceTree = "<group>"; };
		A70E12F11B20FE880061D5D8 /* mj_defs.h */ = {isa = PBXFileReference; fileEncoding = 4; lastKnownFileType = sourcecode.c.h; path = mj_defs.h; sourceTree = "<group>"; };
		A70E12F21B20FE880061D5D8 /* netpgp.c */ = {isa = PBXFileReference; fileEncoding = 4; lastKnownFileType = sourcecode.c.c; path = netpgp.c; sourceTree = "<group>"; };
		A70E12F41B20FE880061D5D8 /* netpgpdefs.h */ = {isa = PBXFileReference; fileEncoding = 4; lastKnownFileType = sourcecode.c.h; path = netpgpdefs.h; sourceTree = "<group>"; };
		A70E12F51B20FE880061D5D8 /* netpgpdigest.h */ = {isa = PBXFileReference; fileEncoding = 4; lastKnownFileType = sourcecode.c.h; path = netpgpdigest.h; sourceTree = "<group>"; };
		A70E12F61B20FE880061D5D8 /* netpgpsdk.h */ = {isa = PBXFileReference; fileEncoding = 4; lastKnownFileType = sourcecode.c.h; path = netpgpsdk.h; sourceTree = "<group>"; };
		A70E12F71B20FE880061D5D8 /* openssl_crypto.c */ = {isa = PBXFileReference; fileEncoding = 4; lastKnownFileType = sourcecode.c.c; path = openssl_crypto.c; sourceTree = "<group>"; };
		A70E12F81B20FE880061D5D8 /* packet-parse.c */ = {isa = PBXFileReference; fileEncoding = 4; lastKnownFileType = sourcecode.c.c; path = "packet-parse.c"; sourceTree = "<group>"; };
		A70E12F91B20FE880061D5D8 /* packet-parse.h */ = {isa = PBXFileReference; fileEncoding = 4; lastKnownFileType = sourcecode.c.h; path = "packet-parse.h"; sourceTree = "<group>"; };
		A70E12FA1B20FE880061D5D8 /* packet-print.c */ = {isa = PBXFileReference; fileEncoding = 4; lastKnownFileType = sourcecode.c.c; path = "packet-print.c"; sourceTree = "<group>"; };
		A70E12FB1B20FE880061D5D8 /* packet-show.c */ = {isa = PBXFileReference; fileEncoding = 4; lastKnownFileType = sourcecode.c.c; path = "packet-show.c"; sourceTree = "<group>"; };
		A70E12FC1B20FE880061D5D8 /* packet-show.h */ = {isa = PBXFileReference; fileEncoding = 4; lastKnownFileType = sourcecode.c.h; path = "packet-show.h"; sourceTree = "<group>"; };
		A70E12FD1B20FE880061D5D8 /* packet.h */ = {isa = PBXFileReference; fileEncoding = 4; lastKnownFileType = sourcecode.c.h; path = packet.h; sourceTree = "<group>"; };
		A70E12FE1B20FE880061D5D8 /* reader.c */ = {isa = PBXFileReference; fileEncoding = 4; lastKnownFileType = sourcecode.c.c; path = reader.c; sourceTree = "<group>"; };
		A70E12FF1B20FE880061D5D8 /* readerwriter.h */ = {isa = PBXFileReference; fileEncoding = 4; lastKnownFileType = sourcecode.c.h; path = readerwriter.h; sourceTree = "<group>"; };
		A70E13001B20FE880061D5D8 /* signature.c */ = {isa = PBXFileReference; fileEncoding = 4; lastKnownFileType = sourcecode.c.c; path = signature.c; sourceTree = "<group>"; };
		A70E13011B20FE880061D5D8 /* signature.h */ = {isa = PBXFileReference; fileEncoding = 4; lastKnownFileType = sourcecode.c.h; path = signature.h; sourceTree = "<group>"; };
		A70E13021B20FE880061D5D8 /* ssh2pgp.c */ = {isa = PBXFileReference; fileEncoding = 4; lastKnownFileType = sourcecode.c.c; path = ssh2pgp.c; sourceTree = "<group>"; };
		A70E13031B20FE880061D5D8 /* ssh2pgp.h */ = {isa = PBXFileReference; fileEncoding = 4; lastKnownFileType = sourcecode.c.h; path = ssh2pgp.h; sourceTree = "<group>"; };
		A70E13041B20FE880061D5D8 /* symmetric.c */ = {isa = PBXFileReference; fileEncoding = 4; lastKnownFileType = sourcecode.c.c; path = symmetric.c; sourceTree = "<group>"; };
		A70E13051B20FE880061D5D8 /* types.h */ = {isa = PBXFileReference; fileEncoding = 4; lastKnownFileType = sourcecode.c.h; path = types.h; sourceTree = "<group>"; };
		A70E13061B20FE880061D5D8 /* validate.c */ = {isa = PBXFileReference; fileEncoding = 4; lastKnownFileType = sourcecode.c.c; path = validate.c; sourceTree = "<group>"; };
		A70E13071B20FE880061D5D8 /* validate.h */ = {isa = PBXFileReference; fileEncoding = 4; lastKnownFileType = sourcecode.c.h; path = validate.h; sourceTree = "<group>"; };
		A70E13081B20FE880061D5D8 /* version.h */ = {isa = PBXFileReference; fileEncoding = 4; lastKnownFileType = sourcecode.c.h; path = version.h; sourceTree = "<group>"; };
		A70E13091B20FE880061D5D8 /* writer.c */ = {isa = PBXFileReference; fileEncoding = 4; lastKnownFileType = sourcecode.c.c; path = writer.c; sourceTree = "<group>"; };
		A70E130A1B20FE880061D5D8 /* writer.h */ = {isa = PBXFileReference; fileEncoding = 4; lastKnownFileType = sourcecode.c.h; path = writer.h; sourceTree = "<group>"; };
		A74D005B1B2101E2005BA9D8 /* libz.dylib */ = {isa = PBXFileReference; lastKnownFileType = "compiled.mach-o.dylib"; name = libz.dylib; path = usr/lib/libz.dylib; sourceTree = SDKROOT; };
		A74D005D1B210297005BA9D8 /* libbz2.dylib */ = {isa = PBXFileReference; lastKnownFileType = "compiled.mach-o.dylib"; name = libbz2.dylib; path = usr/lib/libbz2.dylib; sourceTree = SDKROOT; };
		A75DF05E1B2733FB003DD526 /* PGP.h */ = {isa = PBXFileReference; fileEncoding = 4; lastKnownFileType = sourcecode.c.h; path = PGP.h; sourceTree = "<group>"; };
		A75DF05F1B2733FB003DD526 /* PGP.m */ = {isa = PBXFileReference; fileEncoding = 4; lastKnownFileType = sourcecode.c.objc; path = PGP.m; sourceTree = "<group>"; };
		A7B81C6D1B28DCEE0071044B /* bob.gpg */ = {isa = PBXFileReference; fileEncoding = 4; lastKnownFileType = text; path = bob.gpg; sourceTree = "<group>"; };
		A7B81C6E1B28DCEE0071044B /* steve.gpg */ = {isa = PBXFileReference; fileEncoding = 4; lastKnownFileType = text; path = steve.gpg; sourceTree = "<group>"; };
		A7B81C6F1B28DCEE0071044B /* suzy.gpg */ = {isa = PBXFileReference; fileEncoding = 4; lastKnownFileType = text; path = suzy.gpg; sourceTree = "<group>"; };
		A7B81C731B28DD960071044B /* bobsecret.gpg */ = {isa = PBXFileReference; fileEncoding = 4; lastKnownFileType = text; path = bobsecret.gpg; sourceTree = "<group>"; };
		A7B81C741B28DD960071044B /* stevesecret.gpg */ = {isa = PBXFileReference; fileEncoding = 4; lastKnownFileType = text; path = stevesecret.gpg; sourceTree = "<group>"; };
		A7B81C751B28DD960071044B /* suzysecret.gpg */ = {isa = PBXFileReference; fileEncoding = 4; lastKnownFileType = text; path = suzysecret.gpg; sourceTree = "<group>"; };
		A7E8C1E81B278B1300EBAB49 /* fmemopen.c */ = {isa = PBXFileReference; fileEncoding = 4; lastKnownFileType = sourcecode.c.c; path = fmemopen.c; sourceTree = "<group>"; };
		A7E8C1E91B278B1300EBAB49 /* fmemopen.h */ = {isa = PBXFileReference; fileEncoding = 4; lastKnownFileType = sourcecode.c.h; path = fmemopen.h; sourceTree = "<group>"; };
		A7E8C1EC1B27D9F000EBAB49 /* doc */ = {isa = PBXFileReference; fileEncoding = 4; lastKnownFileType = text; path = doc; sourceTree = "<group>"; };
		A7E8C1EE1B27DA0B00EBAB49 /* seckey.gpg */ = {isa = PBXFileReference; fileEncoding = 4; lastKnownFileType = text; path = seckey.gpg; sourceTree = "<group>"; };
		A7E8C1F11B27DA5D00EBAB49 /* pubkey.gpg */ = {isa = PBXFileReference; fileEncoding = 4; lastKnownFileType = text; path = pubkey.gpg; sourceTree = "<group>"; };
		BB9663F12A401D718D86715E /* Pods-PGP Demo.release.xcconfig */ = {isa = PBXFileReference; includeInIndex = 1; lastKnownFileType = text.xcconfig; name = "Pods-PGP Demo.release.xcconfig"; path = "Pods/Target Support Files/Pods-PGP Demo/Pods-PGP Demo.release.xcconfig"; sourceTree = "<group>"; };
		C169ABB41FA1EEABD311BDDB /* libPods-PGP Demo.a */ = {isa = PBXFileReference; explicitFileType = archive.ar; includeInIndex = 0; path = "libPods-PGP Demo.a"; sourceTree = BUILT_PRODUCTS_DIR; };
		DDEDEB90D480298EE72F0F35 /* Pods-PGP Demo.debug.xcconfig */ = {isa = PBXFileReference; includeInIndex = 1; lastKnownFileType = text.xcconfig; name = "Pods-PGP Demo.debug.xcconfig"; path = "Pods/Target Support Files/Pods-PGP Demo/Pods-PGP Demo.debug.xcconfig"; sourceTree = "<group>"; };
/* End PBXFileReference section */

/* Begin PBXFrameworksBuildPhase section */
		A70E12B31B20FE5D0061D5D8 /* Frameworks */ = {
			isa = PBXFrameworksBuildPhase;
			buildActionMask = 2147483647;
			files = (
				A74D005E1B210297005BA9D8 /* libbz2.dylib in Frameworks */,
				A74D005C1B2101E2005BA9D8 /* libz.dylib in Frameworks */,
				971EEF82EF50024C51AB3631 /* libPods-PGP Demo.a in Frameworks */,
			);
			runOnlyForDeploymentPostprocessing = 0;
		};
		A70E12CC1B20FE5D0061D5D8 /* Frameworks */ = {
			isa = PBXFrameworksBuildPhase;
			buildActionMask = 2147483647;
			files = (
			);
			runOnlyForDeploymentPostprocessing = 0;
		};
/* End PBXFrameworksBuildPhase section */

/* Begin PBXGroup section */
		40C05E4243531ADCE0F1E9CA /* Pods */ = {
			isa = PBXGroup;
			children = (
				DDEDEB90D480298EE72F0F35 /* Pods-PGP Demo.debug.xcconfig */,
				BB9663F12A401D718D86715E /* Pods-PGP Demo.release.xcconfig */,
			);
			name = Pods;
			sourceTree = "<group>";
		};
		72BB7BE8EDAEA22AFAD5DD75 /* Frameworks */ = {
			isa = PBXGroup;
			children = (
				A74D005D1B210297005BA9D8 /* libbz2.dylib */,
				A74D005B1B2101E2005BA9D8 /* libz.dylib */,
				C169ABB41FA1EEABD311BDDB /* libPods-PGP Demo.a */,
			);
			name = Frameworks;
			sourceTree = "<group>";
		};
		A70E12AD1B20FE5D0061D5D8 = {
			isa = PBXGroup;
			children = (
				A70E12DF1B20FE6E0061D5D8 /* PGP Library */,
				A70E12B81B20FE5D0061D5D8 /* PGP Demo */,
				A70E12D21B20FE5D0061D5D8 /* PGP DemoTests */,
				A70E12B71B20FE5D0061D5D8 /* Products */,
				40C05E4243531ADCE0F1E9CA /* Pods */,
				72BB7BE8EDAEA22AFAD5DD75 /* Frameworks */,
			);
			sourceTree = "<group>";
		};
		A70E12B71B20FE5D0061D5D8 /* Products */ = {
			isa = PBXGroup;
			children = (
				A70E12B61B20FE5D0061D5D8 /* PGP Demo.app */,
				A70E12CF1B20FE5D0061D5D8 /* PGP DemoTests.xctest */,
			);
			name = Products;
			sourceTree = "<group>";
		};
		A70E12B81B20FE5D0061D5D8 /* PGP Demo */ = {
			isa = PBXGroup;
			children = (
				A70E12BD1B20FE5D0061D5D8 /* AppDelegate.h */,
				A70E12BE1B20FE5D0061D5D8 /* AppDelegate.m */,
				A70E12C01B20FE5D0061D5D8 /* ViewController.h */,
				A70E12C11B20FE5D0061D5D8 /* ViewController.m */,
				A70E12C31B20FE5D0061D5D8 /* Main.storyboard */,
				A70E12C61B20FE5D0061D5D8 /* Images.xcassets */,
				A70E12C81B20FE5D0061D5D8 /* LaunchScreen.xib */,
				A70E12B91B20FE5D0061D5D8 /* Supporting Files */,
				A7E8C1F01B27DA2400EBAB49 /* Demo resources */,
			);
			path = "PGP Demo";
			sourceTree = "<group>";
		};
		A70E12B91B20FE5D0061D5D8 /* Supporting Files */ = {
			isa = PBXGroup;
			children = (
				A70E12BA1B20FE5D0061D5D8 /* Info.plist */,
				A70E12BB1B20FE5D0061D5D8 /* main.m */,
			);
			name = "Supporting Files";
			sourceTree = "<group>";
		};
		A70E12D21B20FE5D0061D5D8 /* PGP DemoTests */ = {
			isa = PBXGroup;
			children = (
				A70E12D51B20FE5D0061D5D8 /* PGP_DemoTests.m */,
				A70E12D31B20FE5D0061D5D8 /* Supporting Files */,
			);
			path = "PGP DemoTests";
			sourceTree = "<group>";
		};
		A70E12D31B20FE5D0061D5D8 /* Supporting Files */ = {
			isa = PBXGroup;
			children = (
				A70E12D41B20FE5D0061D5D8 /* Info.plist */,
			);
			name = "Supporting Files";
			sourceTree = "<group>";
		};
		A70E12DF1B20FE6E0061D5D8 /* PGP Library */ = {
			isa = PBXGroup;
			children = (
				A7E8C1EB1B278B1700EBAB49 /* fmemopen */,
				A70E12E01B20FE880061D5D8 /* netpgp */,
				A75DF05E1B2733FB003DD526 /* PGP.h */,
				A75DF05F1B2733FB003DD526 /* PGP.m */,
			);
			name = "PGP Library";
			sourceTree = "<group>";
		};
		A70E12E01B20FE880061D5D8 /* netpgp */ = {
			isa = PBXGroup;
			children = (
				A70E12E11B20FE880061D5D8 /* bufgap.c */,
				A70E12E21B20FE880061D5D8 /* bufgap.h */,
				A70E12E31B20FE880061D5D8 /* compress.c */,
				A70E12E41B20FE880061D5D8 /* config.h */,
				A70E12E51B20FE880061D5D8 /* create.c */,
				A70E12E61B20FE880061D5D8 /* create.h */,
				A70E12E71B20FE880061D5D8 /* crypto.c */,
				A70E12E81B20FE880061D5D8 /* crypto.h */,
				A70E12E91B20FE880061D5D8 /* defs.h */,
				A70E12EA1B20FE880061D5D8 /* errors.h */,
				A70E12EB1B20FE880061D5D8 /* keyring.c */,
				A70E12EC1B20FE880061D5D8 /* keyring.h */,
				A70E12ED1B20FE880061D5D8 /* memory.h */,
				A70E12EE1B20FE880061D5D8 /* misc.c */,
				A70E12EF1B20FE880061D5D8 /* mj.c */,
				A70E12F01B20FE880061D5D8 /* mj.h */,
				A70E12F11B20FE880061D5D8 /* mj_defs.h */,
				A70E12F21B20FE880061D5D8 /* netpgp.c */,
				A70E12F41B20FE880061D5D8 /* netpgpdefs.h */,
				A70E12F51B20FE880061D5D8 /* netpgpdigest.h */,
				A70E12F61B20FE880061D5D8 /* netpgpsdk.h */,
				A70E12F71B20FE880061D5D8 /* openssl_crypto.c */,
				A70E12F81B20FE880061D5D8 /* packet-parse.c */,
				A70E12F91B20FE880061D5D8 /* packet-parse.h */,
				A70E12FA1B20FE880061D5D8 /* packet-print.c */,
				A70E12FB1B20FE880061D5D8 /* packet-show.c */,
				A70E12FC1B20FE880061D5D8 /* packet-show.h */,
				A70E12FD1B20FE880061D5D8 /* packet.h */,
				A70E12FE1B20FE880061D5D8 /* reader.c */,
				A70E12FF1B20FE880061D5D8 /* readerwriter.h */,
				A70E13001B20FE880061D5D8 /* signature.c */,
				A70E13011B20FE880061D5D8 /* signature.h */,
				A70E13021B20FE880061D5D8 /* ssh2pgp.c */,
				A70E13031B20FE880061D5D8 /* ssh2pgp.h */,
				A70E13041B20FE880061D5D8 /* symmetric.c */,
				A70E13051B20FE880061D5D8 /* types.h */,
				A70E13061B20FE880061D5D8 /* validate.c */,
				A70E13071B20FE880061D5D8 /* validate.h */,
				A70E13081B20FE880061D5D8 /* version.h */,
				A70E13091B20FE880061D5D8 /* writer.c */,
				A70E130A1B20FE880061D5D8 /* writer.h */,
			);
			path = netpgp;
			sourceTree = "<group>";
		};
		A7B81C791B28DDA10071044B /* keys */ = {
			isa = PBXGroup;
			children = (
				A7B81C731B28DD960071044B /* bobsecret.gpg */,
				A7B81C741B28DD960071044B /* stevesecret.gpg */,
				A7B81C751B28DD960071044B /* suzysecret.gpg */,
				A7B81C6D1B28DCEE0071044B /* bob.gpg */,
				A7B81C6E1B28DCEE0071044B /* steve.gpg */,
				A7B81C6F1B28DCEE0071044B /* suzy.gpg */,
			);
			name = keys;
			sourceTree = "<group>";
		};
		A7E8C1EB1B278B1700EBAB49 /* fmemopen */ = {
			isa = PBXGroup;
			children = (
				A7E8C1E81B278B1300EBAB49 /* fmemopen.c */,
				A7E8C1E91B278B1300EBAB49 /* fmemopen.h */,
			);
			name = fmemopen;
			sourceTree = "<group>";
		};
		A7E8C1F01B27DA2400EBAB49 /* Demo resources */ = {
			isa = PBXGroup;
			children = (
				A7B81C791B28DDA10071044B /* keys */,
				A7E8C1EC1B27D9F000EBAB49 /* doc */,
				A7E8C1EE1B27DA0B00EBAB49 /* seckey.gpg */,
				A7E8C1F11B27DA5D00EBAB49 /* pubkey.gpg */,
			);
			name = "Demo resources";
			sourceTree = "<group>";
		};
/* End PBXGroup section */

/* Begin PBXNativeTarget section */
		A70E12B51B20FE5D0061D5D8 /* PGP Demo */ = {
			isa = PBXNativeTarget;
			buildConfigurationList = A70E12D91B20FE5D0061D5D8 /* Build configuration list for PBXNativeTarget "PGP Demo" */;
			buildPhases = (
				E355E95C115D9F8494BB94B2 /* Check Pods Manifest.lock */,
				A70E12B21B20FE5D0061D5D8 /* Sources */,
				A70E12B31B20FE5D0061D5D8 /* Frameworks */,
				A70E12B41B20FE5D0061D5D8 /* Resources */,
				C8B1F61E8B9FE50C1C80D9CA /* Copy Pods Resources */,
			);
			buildRules = (
			);
			dependencies = (
			);
			name = "PGP Demo";
			productName = "PGP Demo";
			productReference = A70E12B61B20FE5D0061D5D8 /* PGP Demo.app */;
			productType = "com.apple.product-type.application";
		};
		A70E12CE1B20FE5D0061D5D8 /* PGP DemoTests */ = {
			isa = PBXNativeTarget;
			buildConfigurationList = A70E12DC1B20FE5D0061D5D8 /* Build configuration list for PBXNativeTarget "PGP DemoTests" */;
			buildPhases = (
				A70E12CB1B20FE5D0061D5D8 /* Sources */,
				A70E12CC1B20FE5D0061D5D8 /* Frameworks */,
				A70E12CD1B20FE5D0061D5D8 /* Resources */,
			);
			buildRules = (
			);
			dependencies = (
				A70E12D11B20FE5D0061D5D8 /* PBXTargetDependency */,
			);
			name = "PGP DemoTests";
			productName = "PGP DemoTests";
			productReference = A70E12CF1B20FE5D0061D5D8 /* PGP DemoTests.xctest */;
			productType = "com.apple.product-type.bundle.unit-test";
		};
/* End PBXNativeTarget section */

/* Begin PBXProject section */
		A70E12AE1B20FE5D0061D5D8 /* Project object */ = {
			isa = PBXProject;
			attributes = {
				LastUpgradeCheck = 0630;
				ORGANIZATIONNAME = Gradient;
				TargetAttributes = {
					A70E12B51B20FE5D0061D5D8 = {
						CreatedOnToolsVersion = 6.3.1;
					};
					A70E12CE1B20FE5D0061D5D8 = {
						CreatedOnToolsVersion = 6.3.1;
						TestTargetID = A70E12B51B20FE5D0061D5D8;
					};
				};
			};
			buildConfigurationList = A70E12B11B20FE5D0061D5D8 /* Build configuration list for PBXProject "PGP Demo" */;
			compatibilityVersion = "Xcode 3.2";
			developmentRegion = English;
			hasScannedForEncodings = 0;
			knownRegions = (
				en,
				Base,
			);
			mainGroup = A70E12AD1B20FE5D0061D5D8;
			productRefGroup = A70E12B71B20FE5D0061D5D8 /* Products */;
			projectDirPath = "";
			projectRoot = "";
			targets = (
				A70E12B51B20FE5D0061D5D8 /* PGP Demo */,
				A70E12CE1B20FE5D0061D5D8 /* PGP DemoTests */,
			);
		};
/* End PBXProject section */

/* Begin PBXResourcesBuildPhase section */
		A70E12B41B20FE5D0061D5D8 /* Resources */ = {
			isa = PBXResourcesBuildPhase;
			buildActionMask = 2147483647;
			files = (
				A7E8C1F21B27DA5D00EBAB49 /* pubkey.gpg in Resources */,
				A70E12C51B20FE5D0061D5D8 /* Main.storyboard in Resources */,
				A7E8C1ED1B27D9F000EBAB49 /* doc in Resources */,
				A7B81C771B28DD960071044B /* stevesecret.gpg in Resources */,
				A70E12CA1B20FE5D0061D5D8 /* LaunchScreen.xib in Resources */,
				A70E12C71B20FE5D0061D5D8 /* Images.xcassets in Resources */,
				A7B81C701B28DCEE0071044B /* bob.gpg in Resources */,
				A7E8C1EF1B27DA0B00EBAB49 /* seckey.gpg in Resources */,
				A7B81C721B28DCEE0071044B /* suzy.gpg in Resources */,
				A7B81C711B28DCEE0071044B /* steve.gpg in Resources */,
				A7B81C781B28DD960071044B /* suzysecret.gpg in Resources */,
				A7B81C761B28DD960071044B /* bobsecret.gpg in Resources */,
			);
			runOnlyForDeploymentPostprocessing = 0;
		};
		A70E12CD1B20FE5D0061D5D8 /* Resources */ = {
			isa = PBXResourcesBuildPhase;
			buildActionMask = 2147483647;
			files = (
			);
			runOnlyForDeploymentPostprocessing = 0;
		};
/* End PBXResourcesBuildPhase section */

/* Begin PBXShellScriptBuildPhase section */
		C8B1F61E8B9FE50C1C80D9CA /* Copy Pods Resources */ = {
			isa = PBXShellScriptBuildPhase;
			buildActionMask = 2147483647;
			files = (
			);
			inputPaths = (
			);
			name = "Copy Pods Resources";
			outputPaths = (
			);
			runOnlyForDeploymentPostprocessing = 0;
			shellPath = /bin/sh;
			shellScript = "\"${SRCROOT}/Pods/Target Support Files/Pods-PGP Demo/Pods-PGP Demo-resources.sh\"\n";
			showEnvVarsInLog = 0;
		};
		E355E95C115D9F8494BB94B2 /* Check Pods Manifest.lock */ = {
			isa = PBXShellScriptBuildPhase;
			buildActionMask = 2147483647;
			files = (
			);
			inputPaths = (
			);
			name = "Check Pods Manifest.lock";
			outputPaths = (
			);
			runOnlyForDeploymentPostprocessing = 0;
			shellPath = /bin/sh;
			shellScript = "diff \"${PODS_ROOT}/../Podfile.lock\" \"${PODS_ROOT}/Manifest.lock\" > /dev/null\nif [[ $? != 0 ]] ; then\n    cat << EOM\nerror: The sandbox is not in sync with the Podfile.lock. Run 'pod install' or update your CocoaPods installation.\nEOM\n    exit 1\nfi\n";
			showEnvVarsInLog = 0;
		};
/* End PBXShellScriptBuildPhase section */

/* Begin PBXSourcesBuildPhase section */
		A70E12B21B20FE5D0061D5D8 /* Sources */ = {
			isa = PBXSourcesBuildPhase;
			buildActionMask = 2147483647;
			files = (
				A70E12C21B20FE5D0061D5D8 /* ViewController.m in Sources */,
				A7E8C1EA1B278B1300EBAB49 /* fmemopen.c in Sources */,
				A70E131B1B20FE880061D5D8 /* ssh2pgp.c in Sources */,
				A70E13171B20FE880061D5D8 /* packet-print.c in Sources */,
				A70E131C1B20FE880061D5D8 /* symmetric.c in Sources */,
				A70E13151B20FE880061D5D8 /* openssl_crypto.c in Sources */,
				A70E12BF1B20FE5D0061D5D8 /* AppDelegate.m in Sources */,
				A70E13161B20FE880061D5D8 /* packet-parse.c in Sources */,
				A70E131A1B20FE880061D5D8 /* signature.c in Sources */,
				A70E13101B20FE880061D5D8 /* crypto.c in Sources */,
				A70E131D1B20FE880061D5D8 /* validate.c in Sources */,
				A70E13121B20FE880061D5D8 /* misc.c in Sources */,
				A70E13131B20FE880061D5D8 /* mj.c in Sources */,
				A70E13111B20FE880061D5D8 /* keyring.c in Sources */,
				A70E13181B20FE880061D5D8 /* packet-show.c in Sources */,
				A70E13141B20FE880061D5D8 /* netpgp.c in Sources */,
				A70E130D1B20FE880061D5D8 /* bufgap.c in Sources */,
				A70E13191B20FE880061D5D8 /* reader.c in Sources */,
				A70E12BC1B20FE5D0061D5D8 /* main.m in Sources */,
				A75DF0601B2733FB003DD526 /* PGP.m in Sources */,
				A70E130E1B20FE880061D5D8 /* compress.c in Sources */,
				A70E131E1B20FE880061D5D8 /* writer.c in Sources */,
				A70E130F1B20FE880061D5D8 /* create.c in Sources */,
			);
			runOnlyForDeploymentPostprocessing = 0;
		};
		A70E12CB1B20FE5D0061D5D8 /* Sources */ = {
			isa = PBXSourcesBuildPhase;
			buildActionMask = 2147483647;
			files = (
				A70E12D61B20FE5D0061D5D8 /* PGP_DemoTests.m in Sources */,
			);
			runOnlyForDeploymentPostprocessing = 0;
		};
/* End PBXSourcesBuildPhase section */

/* Begin PBXTargetDependency section */
		A70E12D11B20FE5D0061D5D8 /* PBXTargetDependency */ = {
			isa = PBXTargetDependency;
			target = A70E12B51B20FE5D0061D5D8 /* PGP Demo */;
			targetProxy = A70E12D01B20FE5D0061D5D8 /* PBXContainerItemProxy */;
		};
/* End PBXTargetDependency section */

/* Begin PBXVariantGroup section */
		A70E12C31B20FE5D0061D5D8 /* Main.storyboard */ = {
			isa = PBXVariantGroup;
			children = (
				A70E12C41B20FE5D0061D5D8 /* Base */,
			);
			name = Main.storyboard;
			sourceTree = "<group>";
		};
		A70E12C81B20FE5D0061D5D8 /* LaunchScreen.xib */ = {
			isa = PBXVariantGroup;
			children = (
				A70E12C91B20FE5D0061D5D8 /* Base */,
			);
			name = LaunchScreen.xib;
			sourceTree = "<group>";
		};
/* End PBXVariantGroup section */

/* Begin XCBuildConfiguration section */
		A70E12D71B20FE5D0061D5D8 /* Debug */ = {
			isa = XCBuildConfiguration;
			buildSettings = {
				ALWAYS_SEARCH_USER_PATHS = NO;
				CLANG_CXX_LANGUAGE_STANDARD = "gnu++0x";
				CLANG_CXX_LIBRARY = "libc++";
				CLANG_ENABLE_MODULES = YES;
				CLANG_ENABLE_OBJC_ARC = YES;
				CLANG_WARN_BOOL_CONVERSION = YES;
				CLANG_WARN_CONSTANT_CONVERSION = YES;
				CLANG_WARN_DIRECT_OBJC_ISA_USAGE = YES_ERROR;
				CLANG_WARN_EMPTY_BODY = YES;
				CLANG_WARN_ENUM_CONVERSION = YES;
				CLANG_WARN_INT_CONVERSION = YES;
				CLANG_WARN_OBJC_ROOT_CLASS = YES_ERROR;
				CLANG_WARN_UNREACHABLE_CODE = YES;
				CLANG_WARN__DUPLICATE_METHOD_MATCH = YES;
				"CODE_SIGN_IDENTITY[sdk=iphoneos*]" = "iPhone Developer";
				COPY_PHASE_STRIP = NO;
				DEBUG_INFORMATION_FORMAT = "dwarf-with-dsym";
				ENABLE_STRICT_OBJC_MSGSEND = YES;
				GCC_C_LANGUAGE_STANDARD = gnu99;
				GCC_DYNAMIC_NO_PIC = NO;
				GCC_NO_COMMON_BLOCKS = YES;
				GCC_OPTIMIZATION_LEVEL = 0;
				GCC_PREPROCESSOR_DEFINITIONS = (
					"DEBUG=1",
					"$(inherited)",
				);
				GCC_SYMBOLS_PRIVATE_EXTERN = NO;
				GCC_WARN_64_TO_32_BIT_CONVERSION = YES;
				GCC_WARN_ABOUT_RETURN_TYPE = YES_ERROR;
				GCC_WARN_UNDECLARED_SELECTOR = YES;
				GCC_WARN_UNINITIALIZED_AUTOS = YES_AGGRESSIVE;
				GCC_WARN_UNUSED_FUNCTION = YES;
				GCC_WARN_UNUSED_VARIABLE = YES;
				IPHONEOS_DEPLOYMENT_TARGET = 8.3;
				MTL_ENABLE_DEBUG_INFO = YES;
				ONLY_ACTIVE_ARCH = YES;
				SDKROOT = iphoneos;
				TARGETED_DEVICE_FAMILY = "1,2";
			};
			name = Debug;
		};
		A70E12D81B20FE5D0061D5D8 /* Release */ = {
			isa = XCBuildConfiguration;
			buildSettings = {
				ALWAYS_SEARCH_USER_PATHS = NO;
				CLANG_CXX_LANGUAGE_STANDARD = "gnu++0x";
				CLANG_CXX_LIBRARY = "libc++";
				CLANG_ENABLE_MODULES = YES;
				CLANG_ENABLE_OBJC_ARC = YES;
				CLANG_WARN_BOOL_CONVERSION = YES;
				CLANG_WARN_CONSTANT_CONVERSION = YES;
				CLANG_WARN_DIRECT_OBJC_ISA_USAGE = YES_ERROR;
				CLANG_WARN_EMPTY_BODY = YES;
				CLANG_WARN_ENUM_CONVERSION = YES;
				CLANG_WARN_INT_CONVERSION = YES;
				CLANG_WARN_OBJC_ROOT_CLASS = YES_ERROR;
				CLANG_WARN_UNREACHABLE_CODE = YES;
				CLANG_WARN__DUPLICATE_METHOD_MATCH = YES;
				"CODE_SIGN_IDENTITY[sdk=iphoneos*]" = "iPhone Developer";
				COPY_PHASE_STRIP = NO;
				DEBUG_INFORMATION_FORMAT = "dwarf-with-dsym";
				ENABLE_NS_ASSERTIONS = NO;
				ENABLE_STRICT_OBJC_MSGSEND = YES;
				GCC_C_LANGUAGE_STANDARD = gnu99;
				GCC_NO_COMMON_BLOCKS = YES;
				GCC_WARN_64_TO_32_BIT_CONVERSION = YES;
				GCC_WARN_ABOUT_RETURN_TYPE = YES_ERROR;
				GCC_WARN_UNDECLARED_SELECTOR = YES;
				GCC_WARN_UNINITIALIZED_AUTOS = YES_AGGRESSIVE;
				GCC_WARN_UNUSED_FUNCTION = YES;
				GCC_WARN_UNUSED_VARIABLE = YES;
				IPHONEOS_DEPLOYMENT_TARGET = 8.3;
				MTL_ENABLE_DEBUG_INFO = NO;
				SDKROOT = iphoneos;
				TARGETED_DEVICE_FAMILY = "1,2";
				VALIDATE_PRODUCT = YES;
			};
			name = Release;
		};
		A70E12DA1B20FE5D0061D5D8 /* Debug */ = {
			isa = XCBuildConfiguration;
			baseConfigurationReference = DDEDEB90D480298EE72F0F35 /* Pods-PGP Demo.debug.xcconfig */;
			buildSettings = {
				ASSETCATALOG_COMPILER_APPICON_NAME = AppIcon;
				HEADER_SEARCH_PATHS = (
					"\"${PODS_ROOT}/Headers/Public\"",
					"\"${PODS_ROOT}/Headers/Public/Cordova\"",
					"\"${PODS_ROOT}/Headers/Public/OpenSSL-Universal\"",
					"\"${PODS_ROOT}/Headers/Public/OpenSSL-Universal/openssl\"",
					"$(inherited)",
					"$(SRCROOT)/include",
				);
				INFOPLIST_FILE = "PGP Demo/Info.plist";
				LD_RUNPATH_SEARCH_PATHS = "$(inherited) @executable_path/Frameworks";
				PRODUCT_NAME = "$(TARGET_NAME)";
			};
			name = Debug;
		};
		A70E12DB1B20FE5D0061D5D8 /* Release */ = {
			isa = XCBuildConfiguration;
			baseConfigurationReference = BB9663F12A401D718D86715E /* Pods-PGP Demo.release.xcconfig */;
			buildSettings = {
				ASSETCATALOG_COMPILER_APPICON_NAME = AppIcon;
				HEADER_SEARCH_PATHS = (
					"\"${PODS_ROOT}/Headers/Public\"",
					"\"${PODS_ROOT}/Headers/Public/Cordova\"",
					"\"${PODS_ROOT}/Headers/Public/OpenSSL-Universal\"",
					"\"${PODS_ROOT}/Headers/Public/OpenSSL-Universal/openssl\"",
					"$(inherited)",
					"$(SRCROOT)/include",
				);
				INFOPLIST_FILE = "PGP Demo/Info.plist";
				LD_RUNPATH_SEARCH_PATHS = "$(inherited) @executable_path/Frameworks";
				PRODUCT_NAME = "$(TARGET_NAME)";
			};
			name = Release;
		};
		A70E12DD1B20FE5D0061D5D8 /* Debug */ = {
			isa = XCBuildConfiguration;
			buildSettings = {
				BUNDLE_LOADER = "$(TEST_HOST)";
				FRAMEWORK_SEARCH_PATHS = (
					"$(SDKROOT)/Developer/Library/Frameworks",
					"$(inherited)",
				);
				GCC_PREPROCESSOR_DEFINITIONS = (
					"DEBUG=1",
					"$(inherited)",
				);
				INFOPLIST_FILE = "PGP DemoTests/Info.plist";
				LD_RUNPATH_SEARCH_PATHS = "$(inherited) @executable_path/Frameworks @loader_path/Frameworks";
				PRODUCT_NAME = "$(TARGET_NAME)";
				TEST_HOST = "$(BUILT_PRODUCTS_DIR)/PGP Demo.app/PGP Demo";
			};
			name = Debug;
		};
		A70E12DE1B20FE5D0061D5D8 /* Release */ = {
			isa = XCBuildConfiguration;
			buildSettings = {
				BUNDLE_LOADER = "$(TEST_HOST)";
				FRAMEWORK_SEARCH_PATHS = (
					"$(SDKROOT)/Developer/Library/Frameworks",
					"$(inherited)",
				);
				INFOPLIST_FILE = "PGP DemoTests/Info.plist";
				LD_RUNPATH_SEARCH_PATHS = "$(inherited) @executable_path/Frameworks @loader_path/Frameworks";
				PRODUCT_NAME = "$(TARGET_NAME)";
				TEST_HOST = "$(BUILT_PRODUCTS_DIR)/PGP Demo.app/PGP Demo";
			};
			name = Release;
		};
/* End XCBuildConfiguration section */

/* Begin XCConfigurationList section */
		A70E12B11B20FE5D0061D5D8 /* Build configuration list for PBXProject "PGP Demo" */ = {
			isa = XCConfigurationList;
			buildConfigurations = (
				A70E12D71B20FE5D0061D5D8 /* Debug */,
				A70E12D81B20FE5D0061D5D8 /* Release */,
			);
			defaultConfigurationIsVisible = 0;
			defaultConfigurationName = Release;
		};
		A70E12D91B20FE5D0061D5D8 /* Build configuration list for PBXNativeTarget "PGP Demo" */ = {
			isa = XCConfigurationList;
			buildConfigurations = (
				A70E12DA1B20FE5D0061D5D8 /* Debug */,
				A70E12DB1B20FE5D0061D5D8 /* Release */,
			);
			defaultConfigurationIsVisible = 0;
			defaultConfigurationName = Release;
		};
		A70E12DC1B20FE5D0061D5D8 /* Build configuration list for PBXNativeTarget "PGP DemoTests" */ = {
			isa = XCConfigurationList;
			buildConfigurations = (
				A70E12DD1B20FE5D0061D5D8 /* Debug */,
				A70E12DE1B20FE5D0061D5D8 /* Release */,
			);
			defaultConfigurationIsVisible = 0;
			defaultConfigurationName = Release;
		};
/* End XCConfigurationList section */
	};
	rootObject = A70E12AE1B20FE5D0061D5D8 /* Project object */;
}
